
Microsoft Visual Studio Solution File, Format Version 12.00
# Visual Studio Version 17
VisualStudioVersion = 17.8.34316.72
MinimumVisualStudioVersion = 10.0.40219.1
Project("{9A19103F-16F7-4668-BE54-9A1E7A4F7556}") = "LawyerArchive", "LawyerArchive\LawyerArchive.csproj", "{04CF2C92-C395-4071-A0A4-81F027DCFF69}"
EndProject
Project("{FAE04EC0-301F-11D3-BF4B-00C04F79EFBC}") = "LawyerArchive.Domain", "LawyerArchive.Domain\LawyerArchive.Domain.csproj", "{B6DFC82F-B787-4F9C-A154-5312ED649996}"
EndProject
Project("{FAE04EC0-301F-11D3-BF4B-00C04F79EFBC}") = "LawyerArchive.Application", "LawyerArchive.Application\LawyerArchive.Application.csproj", "{D05B9ED3-CD2D-46FD-A81B-67321109D964}"
EndProject
Global
	GlobalSection(SolutionConfigurationPlatforms) = preSolution
		Debug|Any CPU = Debug|Any CPU
		Release|Any CPU = Release|Any CPU
	EndGlobalSection
	GlobalSection(ProjectConfigurationPlatforms) = postSolution
		{04CF2C92-C395-4071-A0A4-81F027DCFF69}.Debug|Any CPU.ActiveCfg = Debug|Any CPU
		{04CF2C92-C395-4071-A0A4-81F027DCFF69}.Debug|Any CPU.Build.0 = Debug|Any CPU
		{04CF2C92-C395-4071-A0A4-81F027DCFF69}.Release|Any CPU.ActiveCfg = Release|Any CPU
		{04CF2C92-C395-4071-A0A4-81F027DCFF69}.Release|Any CPU.Build.0 = Release|Any CPU
		{B6DFC82F-B787-4F9C-A154-5312ED649996}.Debug|Any CPU.ActiveCfg = Debug|Any CPU
		{B6DFC82F-B787-4F9C-A154-5312ED649996}.Debug|Any CPU.Build.0 = Debug|Any CPU
		{B6DFC82F-B787-4F9C-A154-5312ED649996}.Release|Any CPU.ActiveCfg = Release|Any CPU
		{B6DFC82F-B787-4F9C-A154-5312ED649996}.Release|Any CPU.Build.0 = Release|Any CPU
		{D05B9ED3-CD2D-46FD-A81B-67321109D964}.Debug|Any CPU.ActiveCfg = Debug|Any CPU
		{D05B9ED3-CD2D-46FD-A81B-67321109D964}.Debug|Any CPU.Build.0 = Debug|Any CPU
		{D05B9ED3-CD2D-46FD-A81B-67321109D964}.Release|Any CPU.ActiveCfg = Release|Any CPU
		{D05B9ED3-CD2D-46FD-A81B-67321109D964}.Release|Any CPU.Build.0 = Release|Any CPU
	EndGlobalSection
	GlobalSection(SolutionProperties) = preSolution
		HideSolutionNode = FALSE
	EndGlobalSection
	GlobalSection(ExtensibilityGlobals) = postSolution
		SolutionGuid = {EED7CFB8-83D2-48C7-BC8B-A7A8274EC789}
	EndGlobalSection
EndGlobal
